
Microsoft Visual Studio Solution File, Format Version 12.00
# Visual Studio Version 16
VisualStudioVersion = 16.0.28803.352
MinimumVisualStudioVersion = 10.0.40219.1
Project("{FAE04EC0-301F-11D3-BF4B-00C04F79EFBC}") = "SONEPAR.SAPMIGRATION.WSS.HELPER", "SONEPAR.SAPMIGRATION.WSS.HELPER\SONEPAR.SAPMIGRATION.WSS.HELPER.csproj", "{7DB8AD7F-BDDC-4A71-A5CD-CA6ACED0B16F}"
EndProject
Project("{FAE04EC0-301F-11D3-BF4B-00C04F79EFBC}") = "SONEPAR.SAPMIGRATION.WSS.VIEWMODEL", "SONEPAR.SAPMIGRATION.WSS.VIEWMODEL\SONEPAR.SAPMIGRATION.WSS.VIEWMODEL.csproj", "{14AA08FF-E752-4475-B432-5F4A96DD5343}"
EndProject
Project("{FAE04EC0-301F-11D3-BF4B-00C04F79EFBC}") = "SONEPAR.SAPMIGRATION.WSS.EXCEPTION", "SONEPAR.SAPMIGRATION.WSS.EXCEPTION\SONEPAR.SAPMIGRATION.WSS.EXCEPTION.csproj", "{59A0734C-21C4-49D1-8BB9-1D34CA9E5EFC}"
EndProject
Project("{FAE04EC0-301F-11D3-BF4B-00C04F79EFBC}") = "SONEPAR.SAPMIGRATION.WSS.LOGIC", "SONEPAR.SAPMIGRATION.WSS.LOGIC\SONEPAR.SAPMIGRATION.WSS.LOGIC.csproj", "{F439313B-59DA-4512-AB48-68C866E8DA78}"
EndProject
Project("{FAE04EC0-301F-11D3-BF4B-00C04F79EFBC}") = "SONEPAR.SAPMIGRATION.WSS.DATAACCESS", "SONEPAR.SAPMIGRATION.WSS.DATAACCESS\SONEPAR.SAPMIGRATION.WSS.DATAACCESS.csproj", "{A5405922-85B3-4E33-B19F-EF8E9FD0AAA3}"
EndProject
Project("{FAE04EC0-301F-11D3-BF4B-00C04F79EFBC}") = "SONEPAR.SAPMIGRATION.WSS.MAIN", "SONEPAR.SAPMIGRATION.WSS.MAIN\SONEPAR.SAPMIGRATION.WSS.MAIN.csproj", "{35B0115B-2284-4CBB-935A-B8D9CBEE3426}"
EndProject
Project("{FAE04EC0-301F-11D3-BF4B-00C04F79EFBC}") = "SONEPAR.SAPMIGRATION.WSS.MODEL", "SONEPAR.SAPMIGRATION.WSS.MODEL\SONEPAR.SAPMIGRATION.WSS.MODEL.csproj", "{EA95981F-2D1D-4402-BC64-494F63DA6326}"
EndProject
Project("{FAE04EC0-301F-11D3-BF4B-00C04F79EFBC}") = "SONEPAR.SAPMIGRATION.WSS.INSTALLER", "SONEPAR.SAPMIGRATION.WSS.INSTALLER\SONEPAR.SAPMIGRATION.WSS.INSTALLER.csproj", "{F3428880-CD80-4D54-B861-7A98DCAD3DBF}"
EndProject
Global
	GlobalSection(SolutionConfigurationPlatforms) = preSolution
		Debug|Any CPU = Debug|Any CPU
		Release|Any CPU = Release|Any CPU
	EndGlobalSection
	GlobalSection(ProjectConfigurationPlatforms) = postSolution
		{7DB8AD7F-BDDC-4A71-A5CD-CA6ACED0B16F}.Debug|Any CPU.ActiveCfg = Debug|Any CPU
		{7DB8AD7F-BDDC-4A71-A5CD-CA6ACED0B16F}.Debug|Any CPU.Build.0 = Debug|Any CPU
		{7DB8AD7F-BDDC-4A71-A5CD-CA6ACED0B16F}.Release|Any CPU.ActiveCfg = Release|Any CPU
		{7DB8AD7F-BDDC-4A71-A5CD-CA6ACED0B16F}.Release|Any CPU.Build.0 = Release|Any CPU
		{14AA08FF-E752-4475-B432-5F4A96DD5343}.Debug|Any CPU.ActiveCfg = Debug|Any CPU
		{14AA08FF-E752-4475-B432-5F4A96DD5343}.Debug|Any CPU.Build.0 = Debug|Any CPU
		{14AA08FF-E752-4475-B432-5F4A96DD5343}.Release|Any CPU.ActiveCfg = Release|Any CPU
		{14AA08FF-E752-4475-B432-5F4A96DD5343}.Release|Any CPU.Build.0 = Release|Any CPU
		{59A0734C-21C4-49D1-8BB9-1D34CA9E5EFC}.Debug|Any CPU.ActiveCfg = Debug|Any CPU
		{59A0734C-21C4-49D1-8BB9-1D34CA9E5EFC}.Debug|Any CPU.Build.0 = Debug|Any CPU
		{59A0734C-21C4-49D1-8BB9-1D34CA9E5EFC}.Release|Any CPU.ActiveCfg = Release|Any CPU
		{59A0734C-21C4-49D1-8BB9-1D34CA9E5EFC}.Release|Any CPU.Build.0 = Release|Any CPU
		{F439313B-59DA-4512-AB48-68C866E8DA78}.Debug|Any CPU.ActiveCfg = Debug|Any CPU
		{F439313B-59DA-4512-AB48-68C866E8DA78}.Debug|Any CPU.Build.0 = Debug|Any CPU
		{F439313B-59DA-4512-AB48-68C866E8DA78}.Release|Any CPU.ActiveCfg = Release|Any CPU
		{F439313B-59DA-4512-AB48-68C866E8DA78}.Release|Any CPU.Build.0 = Release|Any CPU
		{A5405922-85B3-4E33-B19F-EF8E9FD0AAA3}.Debug|Any CPU.ActiveCfg = Debug|Any CPU
		{A5405922-85B3-4E33-B19F-EF8E9FD0AAA3}.Debug|Any CPU.Build.0 = Debug|Any CPU
		{A5405922-85B3-4E33-B19F-EF8E9FD0AAA3}.Release|Any CPU.ActiveCfg = Release|Any CPU
		{A5405922-85B3-4E33-B19F-EF8E9FD0AAA3}.Release|Any CPU.Build.0 = Release|Any CPU
		{35B0115B-2284-4CBB-935A-B8D9CBEE3426}.Debug|Any CPU.ActiveCfg = Debug|Any CPU
		{35B0115B-2284-4CBB-935A-B8D9CBEE3426}.Debug|Any CPU.Build.0 = Debug|Any CPU
		{35B0115B-2284-4CBB-935A-B8D9CBEE3426}.Release|Any CPU.ActiveCfg = Release|Any CPU
		{35B0115B-2284-4CBB-935A-B8D9CBEE3426}.Release|Any CPU.Build.0 = Release|Any CPU
		{EA95981F-2D1D-4402-BC64-494F63DA6326}.Debug|Any CPU.ActiveCfg = Debug|Any CPU
		{EA95981F-2D1D-4402-BC64-494F63DA6326}.Debug|Any CPU.Build.0 = Debug|Any CPU
		{EA95981F-2D1D-4402-BC64-494F63DA6326}.Release|Any CPU.ActiveCfg = Release|Any CPU
		{EA95981F-2D1D-4402-BC64-494F63DA6326}.Release|Any CPU.Build.0 = Release|Any CPU
		{F3428880-CD80-4D54-B861-7A98DCAD3DBF}.Debug|Any CPU.ActiveCfg = Debug|Any CPU
		{F3428880-CD80-4D54-B861-7A98DCAD3DBF}.Debug|Any CPU.Build.0 = Debug|Any CPU
		{F3428880-CD80-4D54-B861-7A98DCAD3DBF}.Release|Any CPU.ActiveCfg = Release|Any CPU
		{F3428880-CD80-4D54-B861-7A98DCAD3DBF}.Release|Any CPU.Build.0 = Release|Any CPU
	EndGlobalSection
	GlobalSection(SolutionProperties) = preSolution
		HideSolutionNode = FALSE
	EndGlobalSection
	GlobalSection(ExtensibilityGlobals) = postSolution
		SolutionGuid = {2D2AB73C-D788-40E9-A0B7-4487D312D4E5}
	EndGlobalSection
EndGlobal
